// !$*UTF8*$!
{
	archiveVersion = 1;
	classes = {
	};
	objectVersion = 56;
	objects = {

/* Begin PBXBuildFile section */
		1D02CC2729F59855007B299B /* MenuView.swift in Sources */ = {isa = PBXBuildFile; fileRef = 1D02CC2629F59855007B299B /* MenuView.swift */; };
		1D2B92EA2A30EB6900549181 /* MenuView+Extension.swift in Sources */ = {isa = PBXBuildFile; fileRef = 1D2B92E92A30EB6900549181 /* MenuView+Extension.swift */; };
		1D2B92ED2A30EBC800549181 /* ArtworkBackground+ViewModifier.swift in Sources */ = {isa = PBXBuildFile; fileRef = 1D2B92EC2A30EBC800549181 /* ArtworkBackground+ViewModifier.swift */; };
		1D2B92F02A30EBE900549181 /* ActionButton+ViewModifier.swift in Sources */ = {isa = PBXBuildFile; fileRef = 1D2B92EF2A30EBE900549181 /* ActionButton+ViewModifier.swift */; };
		1D2DD69A2A317D2900D62084 /* LiveBar.swift in Sources */ = {isa = PBXBuildFile; fileRef = 1D2DD6992A317D2900D62084 /* LiveBar.swift */; };
		1D2DD69C2A317E7500D62084 /* SongTitleView.swift in Sources */ = {isa = PBXBuildFile; fileRef = 1D2DD69B2A317E7500D62084 /* SongTitleView.swift */; };
		1D2DD69F2A317ED500D62084 /* SongArtistView.swift in Sources */ = {isa = PBXBuildFile; fileRef = 1D2DD69E2A317ED500D62084 /* SongArtistView.swift */; };
		1D2DD6A12A317F1C00D62084 /* SongArtworkView.swift in Sources */ = {isa = PBXBuildFile; fileRef = 1D2DD6A02A317F1C00D62084 /* SongArtworkView.swift */; };
		1D2DD6A32A31827E00D62084 /* SongDurationView.swift in Sources */ = {isa = PBXBuildFile; fileRef = 1D2DD6A22A31827E00D62084 /* SongDurationView.swift */; };
		1D4B849729272B9000942874 /* LaunchAtLogin in Frameworks */ = {isa = PBXBuildFile; productRef = 1D4B849629272B9000942874 /* LaunchAtLogin */; };
		1D704D022A2838FE00C54DFC /* DurationBar.swift in Sources */ = {isa = PBXBuildFile; fileRef = 1D704D012A2838FE00C54DFC /* DurationBar.swift */; };
		1D824AE72A2F28D400A676C3 /* OldStatusBarSupport.swift in Sources */ = {isa = PBXBuildFile; fileRef = 1D824AE62A2F28D400A676C3 /* OldStatusBarSupport.swift */; };
		1D824AEA2A2F290900A676C3 /* SettingsData.swift in Sources */ = {isa = PBXBuildFile; fileRef = 1D824AE92A2F290900A676C3 /* SettingsData.swift */; };
		1D824AED2A2F2AD000A676C3 /* LocalStorage.swift in Sources */ = {isa = PBXBuildFile; fileRef = 1D824AEC2A2F2AD000A676C3 /* LocalStorage.swift */; };
		1D8ECB3D2A32CD5300EDC3DA /* MediaControls.swift in Sources */ = {isa = PBXBuildFile; fileRef = 1D8ECB3C2A32CD5300EDC3DA /* MediaControls.swift */; };
		1DA6BC1529250E9300A19BD0 /* AppDelegate.swift in Sources */ = {isa = PBXBuildFile; fileRef = 1DA6BC1429250E9300A19BD0 /* AppDelegate.swift */; };
		1DA6BC1929250E9400A19BD0 /* Assets.xcassets in Resources */ = {isa = PBXBuildFile; fileRef = 1DA6BC1829250E9400A19BD0 /* Assets.xcassets */; };
		1DA6BC1C29250E9500A19BD0 /* Main.storyboard in Resources */ = {isa = PBXBuildFile; fileRef = 1DA6BC1A29250E9500A19BD0 /* Main.storyboard */; };
		1DA6BC242925164100A19BD0 /* MediaRemote.swift in Sources */ = {isa = PBXBuildFile; fileRef = 1DA6BC232925164100A19BD0 /* MediaRemote.swift */; };
		1DA6BC2A29252A3300A19BD0 /* StatusBar.swift in Sources */ = {isa = PBXBuildFile; fileRef = 1DA6BC2929252A3300A19BD0 /* StatusBar.swift */; };
		1DB481922A28EF0D00354C9A /* NSImage+Extension.swift in Sources */ = {isa = PBXBuildFile; fileRef = 1DB481912A28EF0D00354C9A /* NSImage+Extension.swift */; };
		1DB481942A2904F100354C9A /* String+Extension.swift in Sources */ = {isa = PBXBuildFile; fileRef = 1DB481932A2904F100354C9A /* String+Extension.swift */; };
		1DD391682A2F8B7A00CF5486 /* PrivateMediaRemote in Frameworks */ = {isa = PBXBuildFile; productRef = 1DD391672A2F8B7A00CF5486 /* PrivateMediaRemote */; };
		1DF215E12A1C917100136BA2 /* MarqueeTextView.swift in Sources */ = {isa = PBXBuildFile; fileRef = 1DF215E02A1C917100136BA2 /* MarqueeTextView.swift */; };
		1DF215E52A1C91D900136BA2 /* View+Extension.swift in Sources */ = {isa = PBXBuildFile; fileRef = 1DF215E42A1C91D900136BA2 /* View+Extension.swift */; };
		1DF215E82A1C9A9C00136BA2 /* Thread.swift in Sources */ = {isa = PBXBuildFile; fileRef = 1DF215E72A1C9A9C00136BA2 /* Thread.swift */; };
		CEFC2C4C2A24F51700254869 /* CustomMenuView.m in Sources */ = {isa = PBXBuildFile; fileRef = CEFC2C4B2A24F51700254869 /* CustomMenuView.m */; };
/* End PBXBuildFile section */

/* Begin PBXFileReference section */
		1D02CC2629F59855007B299B /* MenuView.swift */ = {isa = PBXFileReference; lastKnownFileType = sourcecode.swift; path = MenuView.swift; sourceTree = "<group>"; };
		1D2B92E92A30EB6900549181 /* MenuView+Extension.swift */ = {isa = PBXFileReference; lastKnownFileType = sourcecode.swift; path = "MenuView+Extension.swift"; sourceTree = "<group>"; };
		1D2B92EC2A30EBC800549181 /* ArtworkBackground+ViewModifier.swift */ = {isa = PBXFileReference; lastKnownFileType = sourcecode.swift; path = "ArtworkBackground+ViewModifier.swift"; sourceTree = "<group>"; };
		1D2B92EF2A30EBE900549181 /* ActionButton+ViewModifier.swift */ = {isa = PBXFileReference; lastKnownFileType = sourcecode.swift; path = "ActionButton+ViewModifier.swift"; sourceTree = "<group>"; };
		1D2DD6992A317D2900D62084 /* LiveBar.swift */ = {isa = PBXFileReference; lastKnownFileType = sourcecode.swift; path = LiveBar.swift; sourceTree = "<group>"; };
		1D2DD69B2A317E7500D62084 /* SongTitleView.swift */ = {isa = PBXFileReference; lastKnownFileType = sourcecode.swift; path = SongTitleView.swift; sourceTree = "<group>"; };
		1D2DD69E2A317ED500D62084 /* SongArtistView.swift */ = {isa = PBXFileReference; lastKnownFileType = sourcecode.swift; path = SongArtistView.swift; sourceTree = "<group>"; };
		1D2DD6A02A317F1C00D62084 /* SongArtworkView.swift */ = {isa = PBXFileReference; lastKnownFileType = sourcecode.swift; path = SongArtworkView.swift; sourceTree = "<group>"; };
		1D2DD6A22A31827E00D62084 /* SongDurationView.swift */ = {isa = PBXFileReference; lastKnownFileType = sourcecode.swift; path = SongDurationView.swift; sourceTree = "<group>"; };
		1D4B849329272A2700942874 /* ServiceManagement.framework */ = {isa = PBXFileReference; lastKnownFileType = wrapper.framework; name = ServiceManagement.framework; path = System/Library/Frameworks/ServiceManagement.framework; sourceTree = SDKROOT; };
		1D704D012A2838FE00C54DFC /* DurationBar.swift */ = {isa = PBXFileReference; lastKnownFileType = sourcecode.swift; path = DurationBar.swift; sourceTree = "<group>"; };
		1D824AE62A2F28D400A676C3 /* OldStatusBarSupport.swift */ = {isa = PBXFileReference; lastKnownFileType = sourcecode.swift; path = OldStatusBarSupport.swift; sourceTree = "<group>"; };
		1D824AE92A2F290900A676C3 /* SettingsData.swift */ = {isa = PBXFileReference; lastKnownFileType = sourcecode.swift; path = SettingsData.swift; sourceTree = "<group>"; };
		1D824AEC2A2F2AD000A676C3 /* LocalStorage.swift */ = {isa = PBXFileReference; lastKnownFileType = sourcecode.swift; path = LocalStorage.swift; sourceTree = "<group>"; };
		1D8ECB3C2A32CD5300EDC3DA /* MediaControls.swift */ = {isa = PBXFileReference; lastKnownFileType = sourcecode.swift; path = MediaControls.swift; sourceTree = "<group>"; };
		1DA6BC1129250E9300A19BD0 /* MusicBar.app */ = {isa = PBXFileReference; explicitFileType = wrapper.application; includeInIndex = 0; path = MusicBar.app; sourceTree = BUILT_PRODUCTS_DIR; };
		1DA6BC1429250E9300A19BD0 /* AppDelegate.swift */ = {isa = PBXFileReference; lastKnownFileType = sourcecode.swift; path = AppDelegate.swift; sourceTree = "<group>"; };
		1DA6BC1829250E9400A19BD0 /* Assets.xcassets */ = {isa = PBXFileReference; lastKnownFileType = folder.assetcatalog; path = Assets.xcassets; sourceTree = "<group>"; };
		1DA6BC1B29250E9500A19BD0 /* Base */ = {isa = PBXFileReference; lastKnownFileType = file.storyboard; name = Base; path = Base.lproj/Main.storyboard; sourceTree = "<group>"; };
		1DA6BC1D29250E9500A19BD0 /* MusicBar.entitlements */ = {isa = PBXFileReference; lastKnownFileType = text.plist.entitlements; path = MusicBar.entitlements; sourceTree = "<group>"; };
		1DA6BC232925164100A19BD0 /* MediaRemote.swift */ = {isa = PBXFileReference; lastKnownFileType = sourcecode.swift; path = MediaRemote.swift; sourceTree = "<group>"; };
		1DA6BC2929252A3300A19BD0 /* StatusBar.swift */ = {isa = PBXFileReference; lastKnownFileType = sourcecode.swift; path = StatusBar.swift; sourceTree = "<group>"; };
		1DB481912A28EF0D00354C9A /* NSImage+Extension.swift */ = {isa = PBXFileReference; lastKnownFileType = sourcecode.swift; path = "NSImage+Extension.swift"; sourceTree = "<group>"; };
		1DB481932A2904F100354C9A /* String+Extension.swift */ = {isa = PBXFileReference; lastKnownFileType = sourcecode.swift; path = "String+Extension.swift"; sourceTree = "<group>"; };
		1DBA0D1929DD7C2F00A7B946 /* Info.plist */ = {isa = PBXFileReference; lastKnownFileType = text.plist.xml; path = Info.plist; sourceTree = "<group>"; };
		1DEEECFB2A24838200F91CC9 /* MusicBar-Bridging-Header.h */ = {isa = PBXFileReference; lastKnownFileType = sourcecode.c.h; path = "MusicBar-Bridging-Header.h"; sourceTree = "<group>"; };
		1DF215E02A1C917100136BA2 /* MarqueeTextView.swift */ = {isa = PBXFileReference; lastKnownFileType = sourcecode.swift; path = MarqueeTextView.swift; sourceTree = "<group>"; };
		1DF215E42A1C91D900136BA2 /* View+Extension.swift */ = {isa = PBXFileReference; lastKnownFileType = sourcecode.swift; path = "View+Extension.swift"; sourceTree = "<group>"; };
		1DF215E72A1C9A9C00136BA2 /* Thread.swift */ = {isa = PBXFileReference; lastKnownFileType = sourcecode.swift; path = Thread.swift; sourceTree = "<group>"; };
		CEFC2C4A2A24F51700254869 /* CustomMenuView.h */ = {isa = PBXFileReference; fileEncoding = 4; lastKnownFileType = sourcecode.c.h; path = CustomMenuView.h; sourceTree = "<group>"; };
		CEFC2C4B2A24F51700254869 /* CustomMenuView.m */ = {isa = PBXFileReference; fileEncoding = 4; lastKnownFileType = sourcecode.c.objc; path = CustomMenuView.m; sourceTree = "<group>"; };
/* End PBXFileReference section */

/* Begin PBXFrameworksBuildPhase section */
		1DA6BC0E29250E9300A19BD0 /* Frameworks */ = {
			isa = PBXFrameworksBuildPhase;
			buildActionMask = 2147483647;
			files = (
				1D4B849729272B9000942874 /* LaunchAtLogin in Frameworks */,
				1DD391682A2F8B7A00CF5486 /* PrivateMediaRemote in Frameworks */,
			);
			runOnlyForDeploymentPostprocessing = 0;
		};
/* End PBXFrameworksBuildPhase section */

/* Begin PBXGroup section */
		1D02CC2529F59848007B299B /* MenuView */ = {
			isa = PBXGroup;
			children = (
				1D2B92F12A30EC6500549181 /* Views */,
				1D02CC2629F59855007B299B /* MenuView.swift */,
			);
			path = MenuView;
			sourceTree = "<group>";
		};
		1D2B92E82A30EB5B00549181 /* Extensions */ = {
			isa = PBXGroup;
			children = (
				1D2B92EB2A30EB7600549181 /* ViewModifiers */,
				1D2B92E92A30EB6900549181 /* MenuView+Extension.swift */,
			);
			path = Extensions;
			sourceTree = "<group>";
		};
		1D2B92EB2A30EB7600549181 /* ViewModifiers */ = {
			isa = PBXGroup;
			children = (
				1D2B92EC2A30EBC800549181 /* ArtworkBackground+ViewModifier.swift */,
				1D2B92EF2A30EBE900549181 /* ActionButton+ViewModifier.swift */,
			);
			path = ViewModifiers;
			sourceTree = "<group>";
		};
		1D2B92F12A30EC6500549181 /* Views */ = {
			isa = PBXGroup;
			children = (
				1D2B92E82A30EB5B00549181 /* Extensions */,
				1D8ECB3B2A32CD4900EDC3DA /* MediaControls */,
				1D2DD69D2A317ECB00D62084 /* SongView */,
				1D2DD6982A317D1B00D62084 /* LiveBar */,
				1D704D002A2838E800C54DFC /* DurationBar */,
			);
			path = Views;
			sourceTree = "<group>";
		};
		1D2DD6982A317D1B00D62084 /* LiveBar */ = {
			isa = PBXGroup;
			children = (
				1D2DD6992A317D2900D62084 /* LiveBar.swift */,
			);
			path = LiveBar;
			sourceTree = "<group>";
		};
		1D2DD69D2A317ECB00D62084 /* SongView */ = {
			isa = PBXGroup;
			children = (
				1D2DD69B2A317E7500D62084 /* SongTitleView.swift */,
				1D2DD69E2A317ED500D62084 /* SongArtistView.swift */,
				1D2DD6A02A317F1C00D62084 /* SongArtworkView.swift */,
				1D2DD6A22A31827E00D62084 /* SongDurationView.swift */,
			);
			path = SongView;
			sourceTree = "<group>";
		};
		1D4B849229272A2700942874 /* Frameworks */ = {
			isa = PBXGroup;
			children = (
				1D4B849329272A2700942874 /* ServiceManagement.framework */,
			);
			name = Frameworks;
			sourceTree = "<group>";
		};
		1D704D002A2838E800C54DFC /* DurationBar */ = {
			isa = PBXGroup;
			children = (
				1D704D012A2838FE00C54DFC /* DurationBar.swift */,
			);
			path = DurationBar;
			sourceTree = "<group>";
		};
		1D824AE52A2F28B900A676C3 /* StatusBar */ = {
			isa = PBXGroup;
			children = (
				1DDF6ADD2A2F8605000E863E /* CustomMenuView */,
				1DA6BC2929252A3300A19BD0 /* StatusBar.swift */,
				1D824AE62A2F28D400A676C3 /* OldStatusBarSupport.swift */,
			);
			path = StatusBar;
			sourceTree = "<group>";
		};
		1D824AE82A2F28F900A676C3 /* Settings */ = {
			isa = PBXGroup;
			children = (
				1D824AE92A2F290900A676C3 /* SettingsData.swift */,
			);
			path = Settings;
			sourceTree = "<group>";
		};
		1D824AEB2A2F2AC600A676C3 /* LocalStorage */ = {
			isa = PBXGroup;
			children = (
				1D824AEC2A2F2AD000A676C3 /* LocalStorage.swift */,
			);
			path = LocalStorage;
			sourceTree = "<group>";
		};
		1D8ECB3B2A32CD4900EDC3DA /* MediaControls */ = {
			isa = PBXGroup;
			children = (
				1D8ECB3C2A32CD5300EDC3DA /* MediaControls.swift */,
			);
			path = MediaControls;
			sourceTree = "<group>";
		};
		1DA6BC0829250E9300A19BD0 = {
			isa = PBXGroup;
			children = (
				1DA6BC1329250E9300A19BD0 /* MusicBar */,
				1DA6BC1229250E9300A19BD0 /* Products */,
				1D4B849229272A2700942874 /* Frameworks */,
			);
			sourceTree = "<group>";
		};
		1DA6BC1229250E9300A19BD0 /* Products */ = {
			isa = PBXGroup;
			children = (
				1DA6BC1129250E9300A19BD0 /* MusicBar.app */,
			);
			name = Products;
			sourceTree = "<group>";
		};
		1DA6BC1329250E9300A19BD0 /* MusicBar */ = {
			isa = PBXGroup;
			children = (
				1DD1C3172A30EF42002A2F8D /* Controllers */,
				1DD1C3192A30EF8F002A2F8D /* Models */,
				1DD1C3162A30EE71002A2F8D /* Resources */,
				1DF215DE2A1C915600136BA2 /* Utilities */,
				1DD1C3182A30EF5A002A2F8D /* Views */,
			);
			path = MusicBar;
			sourceTree = "<group>";
		};
		1DBD626B2A2F86F3007758A6 /* MediaRemoteUtilities */ = {
			isa = PBXGroup;
			children = (
				1DA6BC232925164100A19BD0 /* MediaRemote.swift */,
			);
			path = MediaRemoteUtilities;
			sourceTree = "<group>";
		};
		1DD1C3162A30EE71002A2F8D /* Resources */ = {
			isa = PBXGroup;
			children = (
				1DA6BC1829250E9400A19BD0 /* Assets.xcassets */,
				1DA6BC1D29250E9500A19BD0 /* MusicBar.entitlements */,
				1DEEECFB2A24838200F91CC9 /* MusicBar-Bridging-Header.h */,
				1DBA0D1929DD7C2F00A7B946 /* Info.plist */,
			);
			path = Resources;
			sourceTree = "<group>";
		};
		1DD1C3172A30EF42002A2F8D /* Controllers */ = {
			isa = PBXGroup;
			children = (
				1DA6BC1429250E9300A19BD0 /* AppDelegate.swift */,
			);
			path = Controllers;
			sourceTree = "<group>";
		};
		1DD1C3182A30EF5A002A2F8D /* Views */ = {
			isa = PBXGroup;
			children = (
				1D02CC2529F59848007B299B /* MenuView */,
				1D824AE52A2F28B900A676C3 /* StatusBar */,
				1DA6BC1A29250E9500A19BD0 /* Main.storyboard */,
			);
			path = Views;
			sourceTree = "<group>";
		};
		1DD1C3192A30EF8F002A2F8D /* Models */ = {
			isa = PBXGroup;
			children = (
				1D824AEB2A2F2AC600A676C3 /* LocalStorage */,
				1DBD626B2A2F86F3007758A6 /* MediaRemoteUtilities */,
				1D824AE82A2F28F900A676C3 /* Settings */,
			);
			path = Models;
			sourceTree = "<group>";
		};
		1DDF6ADD2A2F8605000E863E /* CustomMenuView */ = {
			isa = PBXGroup;
			children = (
				CEFC2C4A2A24F51700254869 /* CustomMenuView.h */,
				CEFC2C4B2A24F51700254869 /* CustomMenuView.m */,
			);
			path = CustomMenuView;
			sourceTree = "<group>";
		};
		1DF215DE2A1C915600136BA2 /* Utilities */ = {
			isa = PBXGroup;
			children = (
				1DF215E62A1C9A9000136BA2 /* Thread */,
				1DF215E32A1C91A600136BA2 /* Extensions */,
				1DF215DF2A1C916000136BA2 /* Text */,
			);
			path = Utilities;
			sourceTree = "<group>";
		};
		1DF215DF2A1C916000136BA2 /* Text */ = {
			isa = PBXGroup;
			children = (
				1DF215E02A1C917100136BA2 /* MarqueeTextView.swift */,
			);
			path = Text;
			sourceTree = "<group>";
		};
		1DF215E32A1C91A600136BA2 /* Extensions */ = {
			isa = PBXGroup;
			children = (
				1DF215E42A1C91D900136BA2 /* View+Extension.swift */,
				1DB481912A28EF0D00354C9A /* NSImage+Extension.swift */,
				1DB481932A2904F100354C9A /* String+Extension.swift */,
			);
			path = Extensions;
			sourceTree = "<group>";
		};
		1DF215E62A1C9A9000136BA2 /* Thread */ = {
			isa = PBXGroup;
			children = (
				1DF215E72A1C9A9C00136BA2 /* Thread.swift */,
			);
			path = Thread;
			sourceTree = "<group>";
		};
/* End PBXGroup section */

/* Begin PBXNativeTarget section */
		1DA6BC1029250E9300A19BD0 /* MusicBar */ = {
			isa = PBXNativeTarget;
			buildConfigurationList = 1DA6BC2029250E9500A19BD0 /* Build configuration list for PBXNativeTarget "MusicBar" */;
			buildPhases = (
				1DA6BC0D29250E9300A19BD0 /* Sources */,
				1DA6BC0E29250E9300A19BD0 /* Frameworks */,
				1DA6BC0F29250E9300A19BD0 /* Resources */,
				1D4B849829272BD200942874 /* ShellScript */,
			);
			buildRules = (
			);
			dependencies = (
			);
			name = MusicBar;
			packageProductDependencies = (
				1D4B849629272B9000942874 /* LaunchAtLogin */,
				1DD391672A2F8B7A00CF5486 /* PrivateMediaRemote */,
			);
			productName = MusicBar;
			productReference = 1DA6BC1129250E9300A19BD0 /* MusicBar.app */;
			productType = "com.apple.product-type.application";
		};
/* End PBXNativeTarget section */

/* Begin PBXProject section */
		1DA6BC0929250E9300A19BD0 /* Project object */ = {
			isa = PBXProject;
			attributes = {
				BuildIndependentTargetsInParallel = 1;
				LastSwiftUpdateCheck = 1410;
				LastUpgradeCheck = 1420;
				TargetAttributes = {
					1DA6BC1029250E9300A19BD0 = {
						CreatedOnToolsVersion = 14.1;
						LastSwiftMigration = 1430;
					};
				};
			};
			buildConfigurationList = 1DA6BC0C29250E9300A19BD0 /* Build configuration list for PBXProject "MusicBar" */;
			compatibilityVersion = "Xcode 14.0";
			developmentRegion = en;
			hasScannedForEncodings = 0;
			knownRegions = (
				en,
				Base,
			);
			mainGroup = 1DA6BC0829250E9300A19BD0;
			packageReferences = (
				1D4B849529272B9000942874 /* XCRemoteSwiftPackageReference "LaunchAtLogin" */,
				1DD391642A2F8B7A00CF5486 /* XCRemoteSwiftPackageReference "MediaRemote" */,
			);
			productRefGroup = 1DA6BC1229250E9300A19BD0 /* Products */;
			projectDirPath = "";
			projectRoot = "";
			targets = (
				1DA6BC1029250E9300A19BD0 /* MusicBar */,
			);
		};
/* End PBXProject section */

/* Begin PBXResourcesBuildPhase section */
		1DA6BC0F29250E9300A19BD0 /* Resources */ = {
			isa = PBXResourcesBuildPhase;
			buildActionMask = 2147483647;
			files = (
				1DA6BC1929250E9400A19BD0 /* Assets.xcassets in Resources */,
				1DA6BC1C29250E9500A19BD0 /* Main.storyboard in Resources */,
			);
			runOnlyForDeploymentPostprocessing = 0;
		};
/* End PBXResourcesBuildPhase section */

/* Begin PBXShellScriptBuildPhase section */
		1D4B849829272BD200942874 /* ShellScript */ = {
			isa = PBXShellScriptBuildPhase;
			alwaysOutOfDate = 1;
			buildActionMask = 2147483647;
			files = (
			);
			inputFileListPaths = (
			);
			inputPaths = (
			);
			outputFileListPaths = (
			);
			outputPaths = (
			);
			runOnlyForDeploymentPostprocessing = 0;
			shellPath = /bin/sh;
			shellScript = "\"${BUILT_PRODUCTS_DIR}/LaunchAtLogin_LaunchAtLogin.bundle/Contents/Resources/copy-helper-swiftpm.sh\"\n";
		};
/* End PBXShellScriptBuildPhase section */

/* Begin PBXSourcesBuildPhase section */
		1DA6BC0D29250E9300A19BD0 /* Sources */ = {
			isa = PBXSourcesBuildPhase;
			buildActionMask = 2147483647;
			files = (
				1D2DD69F2A317ED500D62084 /* SongArtistView.swift in Sources */,
				1DF215E12A1C917100136BA2 /* MarqueeTextView.swift in Sources */,
				1D824AE72A2F28D400A676C3 /* OldStatusBarSupport.swift in Sources */,
				1D824AEA2A2F290900A676C3 /* SettingsData.swift in Sources */,
				1DB481922A28EF0D00354C9A /* NSImage+Extension.swift in Sources */,
				1DF215E52A1C91D900136BA2 /* View+Extension.swift in Sources */,
				1D02CC2729F59855007B299B /* MenuView.swift in Sources */,
				CEFC2C4C2A24F51700254869 /* CustomMenuView.m in Sources */,
				1D2B92F02A30EBE900549181 /* ActionButton+ViewModifier.swift in Sources */,
				1D2B92EA2A30EB6900549181 /* MenuView+Extension.swift in Sources */,
				1DB481942A2904F100354C9A /* String+Extension.swift in Sources */,
				1DA6BC2A29252A3300A19BD0 /* StatusBar.swift in Sources */,
				1DA6BC242925164100A19BD0 /* MediaRemote.swift in Sources */,
				1D704D022A2838FE00C54DFC /* DurationBar.swift in Sources */,
				1D2DD69A2A317D2900D62084 /* LiveBar.swift in Sources */,
				1D2B92ED2A30EBC800549181 /* ArtworkBackground+ViewModifier.swift in Sources */,
				1D2DD6A12A317F1C00D62084 /* SongArtworkView.swift in Sources */,
				1D824AED2A2F2AD000A676C3 /* LocalStorage.swift in Sources */,
				1D8ECB3D2A32CD5300EDC3DA /* MediaControls.swift in Sources */,
				1DF215E82A1C9A9C00136BA2 /* Thread.swift in Sources */,
				1D2DD6A32A31827E00D62084 /* SongDurationView.swift in Sources */,
				1D2DD69C2A317E7500D62084 /* SongTitleView.swift in Sources */,
				1DA6BC1529250E9300A19BD0 /* AppDelegate.swift in Sources */,
			);
			runOnlyForDeploymentPostprocessing = 0;
		};
/* End PBXSourcesBuildPhase section */

/* Begin PBXVariantGroup section */
		1DA6BC1A29250E9500A19BD0 /* Main.storyboard */ = {
			isa = PBXVariantGroup;
			children = (
				1DA6BC1B29250E9500A19BD0 /* Base */,
			);
			name = Main.storyboard;
			sourceTree = "<group>";
		};
/* End PBXVariantGroup section */

/* Begin XCBuildConfiguration section */
		1DA6BC1E29250E9500A19BD0 /* Debug */ = {
			isa = XCBuildConfiguration;
			buildSettings = {
				ALWAYS_SEARCH_USER_PATHS = NO;
				CLANG_ANALYZER_NONNULL = YES;
				CLANG_ANALYZER_NUMBER_OBJECT_CONVERSION = YES_AGGRESSIVE;
				CLANG_CXX_LANGUAGE_STANDARD = "gnu++20";
				CLANG_ENABLE_MODULES = YES;
				CLANG_ENABLE_OBJC_ARC = YES;
				CLANG_ENABLE_OBJC_WEAK = YES;
				CLANG_WARN_BLOCK_CAPTURE_AUTORELEASING = YES;
				CLANG_WARN_BOOL_CONVERSION = YES;
				CLANG_WARN_COMMA = YES;
				CLANG_WARN_CONSTANT_CONVERSION = YES;
				CLANG_WARN_DEPRECATED_OBJC_IMPLEMENTATIONS = YES;
				CLANG_WARN_DIRECT_OBJC_ISA_USAGE = YES_ERROR;
				CLANG_WARN_DOCUMENTATION_COMMENTS = YES;
				CLANG_WARN_EMPTY_BODY = YES;
				CLANG_WARN_ENUM_CONVERSION = YES;
				CLANG_WARN_INFINITE_RECURSION = YES;
				CLANG_WARN_INT_CONVERSION = YES;
				CLANG_WARN_NON_LITERAL_NULL_CONVERSION = YES;
				CLANG_WARN_OBJC_IMPLICIT_RETAIN_SELF = YES;
				CLANG_WARN_OBJC_LITERAL_CONVERSION = YES;
				CLANG_WARN_OBJC_ROOT_CLASS = YES_ERROR;
				CLANG_WARN_QUOTED_INCLUDE_IN_FRAMEWORK_HEADER = YES;
				CLANG_WARN_RANGE_LOOP_ANALYSIS = YES;
				CLANG_WARN_STRICT_PROTOTYPES = YES;
				CLANG_WARN_SUSPICIOUS_MOVE = YES;
				CLANG_WARN_UNGUARDED_AVAILABILITY = YES_AGGRESSIVE;
				CLANG_WARN_UNREACHABLE_CODE = YES;
				CLANG_WARN__DUPLICATE_METHOD_MATCH = YES;
				COPY_PHASE_STRIP = NO;
				DEAD_CODE_STRIPPING = YES;
				DEBUG_INFORMATION_FORMAT = dwarf;
				ENABLE_STRICT_OBJC_MSGSEND = YES;
				ENABLE_TESTABILITY = YES;
				GCC_C_LANGUAGE_STANDARD = gnu11;
				GCC_DYNAMIC_NO_PIC = NO;
				GCC_NO_COMMON_BLOCKS = YES;
				GCC_OPTIMIZATION_LEVEL = 0;
				GCC_PREPROCESSOR_DEFINITIONS = (
					"DEBUG=1",
					"$(inherited)",
				);
				GCC_WARN_64_TO_32_BIT_CONVERSION = YES;
				GCC_WARN_ABOUT_RETURN_TYPE = YES_ERROR;
				GCC_WARN_UNDECLARED_SELECTOR = YES;
				GCC_WARN_UNINITIALIZED_AUTOS = YES_AGGRESSIVE;
				GCC_WARN_UNUSED_FUNCTION = YES;
				GCC_WARN_UNUSED_VARIABLE = YES;
				MACOSX_DEPLOYMENT_TARGET = 10.15;
				MTL_ENABLE_DEBUG_INFO = INCLUDE_SOURCE;
				MTL_FAST_MATH = YES;
				ONLY_ACTIVE_ARCH = YES;
				SDKROOT = macosx;
				SWIFT_ACTIVE_COMPILATION_CONDITIONS = DEBUG;
				SWIFT_OPTIMIZATION_LEVEL = "-Onone";
			};
			name = Debug;
		};
		1DA6BC1F29250E9500A19BD0 /* Release */ = {
			isa = XCBuildConfiguration;
			buildSettings = {
				ALWAYS_SEARCH_USER_PATHS = NO;
				CLANG_ANALYZER_NONNULL = YES;
				CLANG_ANALYZER_NUMBER_OBJECT_CONVERSION = YES_AGGRESSIVE;
				CLANG_CXX_LANGUAGE_STANDARD = "gnu++20";
				CLANG_ENABLE_MODULES = YES;
				CLANG_ENABLE_OBJC_ARC = YES;
				CLANG_ENABLE_OBJC_WEAK = YES;
				CLANG_WARN_BLOCK_CAPTURE_AUTORELEASING = YES;
				CLANG_WARN_BOOL_CONVERSION = YES;
				CLANG_WARN_COMMA = YES;
				CLANG_WARN_CONSTANT_CONVERSION = YES;
				CLANG_WARN_DEPRECATED_OBJC_IMPLEMENTATIONS = YES;
				CLANG_WARN_DIRECT_OBJC_ISA_USAGE = YES_ERROR;
				CLANG_WARN_DOCUMENTATION_COMMENTS = YES;
				CLANG_WARN_EMPTY_BODY = YES;
				CLANG_WARN_ENUM_CONVERSION = YES;
				CLANG_WARN_INFINITE_RECURSION = YES;
				CLANG_WARN_INT_CONVERSION = YES;
				CLANG_WARN_NON_LITERAL_NULL_CONVERSION = YES;
				CLANG_WARN_OBJC_IMPLICIT_RETAIN_SELF = YES;
				CLANG_WARN_OBJC_LITERAL_CONVERSION = YES;
				CLANG_WARN_OBJC_ROOT_CLASS = YES_ERROR;
				CLANG_WARN_QUOTED_INCLUDE_IN_FRAMEWORK_HEADER = YES;
				CLANG_WARN_RANGE_LOOP_ANALYSIS = YES;
				CLANG_WARN_STRICT_PROTOTYPES = YES;
				CLANG_WARN_SUSPICIOUS_MOVE = YES;
				CLANG_WARN_UNGUARDED_AVAILABILITY = YES_AGGRESSIVE;
				CLANG_WARN_UNREACHABLE_CODE = YES;
				CLANG_WARN__DUPLICATE_METHOD_MATCH = YES;
				COPY_PHASE_STRIP = NO;
				DEAD_CODE_STRIPPING = YES;
				DEBUG_INFORMATION_FORMAT = "dwarf-with-dsym";
				ENABLE_NS_ASSERTIONS = NO;
				ENABLE_STRICT_OBJC_MSGSEND = YES;
				GCC_C_LANGUAGE_STANDARD = gnu11;
				GCC_NO_COMMON_BLOCKS = YES;
				GCC_WARN_64_TO_32_BIT_CONVERSION = YES;
				GCC_WARN_ABOUT_RETURN_TYPE = YES_ERROR;
				GCC_WARN_UNDECLARED_SELECTOR = YES;
				GCC_WARN_UNINITIALIZED_AUTOS = YES_AGGRESSIVE;
				GCC_WARN_UNUSED_FUNCTION = YES;
				GCC_WARN_UNUSED_VARIABLE = YES;
				MACOSX_DEPLOYMENT_TARGET = 10.15;
				MTL_ENABLE_DEBUG_INFO = NO;
				MTL_FAST_MATH = YES;
				SDKROOT = macosx;
				SWIFT_COMPILATION_MODE = wholemodule;
				SWIFT_OPTIMIZATION_LEVEL = "-O";
			};
			name = Release;
		};
		1DA6BC2129250E9500A19BD0 /* Debug */ = {
			isa = XCBuildConfiguration;
			buildSettings = {
				ASSETCATALOG_COMPILER_APPICON_NAME = MusicBar;
				ASSETCATALOG_COMPILER_GLOBAL_ACCENT_COLOR_NAME = AccentColor;
				CLANG_ENABLE_MODULES = YES;
				CODE_SIGN_ENTITLEMENTS = MusicBar/Resources/MusicBar.entitlements;
				CODE_SIGN_IDENTITY = "-";
				"CODE_SIGN_IDENTITY[sdk=macosx*]" = "-";
				CODE_SIGN_STYLE = Automatic;
				COMBINE_HIDPI_IMAGES = YES;
				CURRENT_PROJECT_VERSION = 1;
				DEAD_CODE_STRIPPING = YES;
				DEVELOPMENT_TEAM = SX5J72PCDG;
				ENABLE_HARDENED_RUNTIME = YES;
				GENERATE_INFOPLIST_FILE = YES;
				INFOPLIST_FILE = MusicBar/Resources/Info.plist;
				INFOPLIST_KEY_LSApplicationCategoryType = "public.app-category.music";
				INFOPLIST_KEY_NSHumanReadableCopyright = "";
				INFOPLIST_KEY_NSMainStoryboardFile = Main;
				INFOPLIST_KEY_NSPrincipalClass = NSApplication;
				LD_RUNPATH_SEARCH_PATHS = (
					"$(inherited)",
					"@executable_path/../Frameworks",
				);
				MACOSX_DEPLOYMENT_TARGET = 10.15;
				MARKETING_VERSION = 0.2.1;
				PRODUCT_BUNDLE_IDENTIFIER = com.kentakoong.MusicBar;
				PRODUCT_NAME = "$(TARGET_NAME)";
				SWIFT_EMIT_LOC_STRINGS = YES;
				SWIFT_INSTALL_OBJC_HEADER = NO;
				SWIFT_OBJC_BRIDGING_HEADER = "MusicBar/Resources/MusicBar-Bridging-Header.h";
				SWIFT_OPTIMIZATION_LEVEL = "-Onone";
				SWIFT_VERSION = 5.0;
			};
			name = Debug;
		};
		1DA6BC2229250E9500A19BD0 /* Release */ = {
			isa = XCBuildConfiguration;
			buildSettings = {
				ASSETCATALOG_COMPILER_APPICON_NAME = MusicBar;
				ASSETCATALOG_COMPILER_GLOBAL_ACCENT_COLOR_NAME = AccentColor;
				CLANG_ENABLE_MODULES = YES;
				CODE_SIGN_ENTITLEMENTS = MusicBar/Resources/MusicBar.entitlements;
				CODE_SIGN_IDENTITY = "-";
				"CODE_SIGN_IDENTITY[sdk=macosx*]" = "-";
				CODE_SIGN_STYLE = Automatic;
				COMBINE_HIDPI_IMAGES = YES;
				CURRENT_PROJECT_VERSION = 1;
				DEAD_CODE_STRIPPING = YES;
				DEVELOPMENT_TEAM = SX5J72PCDG;
				ENABLE_HARDENED_RUNTIME = YES;
				GENERATE_INFOPLIST_FILE = YES;
				INFOPLIST_FILE = MusicBar/Resources/Info.plist;
				INFOPLIST_KEY_LSApplicationCategoryType = "public.app-category.music";
				INFOPLIST_KEY_NSHumanReadableCopyright = "";
				INFOPLIST_KEY_NSMainStoryboardFile = Main;
				INFOPLIST_KEY_NSPrincipalClass = NSApplication;
				LD_RUNPATH_SEARCH_PATHS = (
					"$(inherited)",
					"@executable_path/../Frameworks",
				);
				MACOSX_DEPLOYMENT_TARGET = 10.15;
				MARKETING_VERSION = 0.2.1;
				PRODUCT_BUNDLE_IDENTIFIER = com.kentakoong.MusicBar;
				PRODUCT_NAME = "$(TARGET_NAME)";
				SWIFT_EMIT_LOC_STRINGS = YES;
				SWIFT_INSTALL_OBJC_HEADER = NO;
				SWIFT_OBJC_BRIDGING_HEADER = "MusicBar/Resources/MusicBar-Bridging-Header.h";
				SWIFT_VERSION = 5.0;
			};
			name = Release;
		};
/* End XCBuildConfiguration section */

/* Begin XCConfigurationList section */
		1DA6BC0C29250E9300A19BD0 /* Build configuration list for PBXProject "MusicBar" */ = {
			isa = XCConfigurationList;
			buildConfigurations = (
				1DA6BC1E29250E9500A19BD0 /* Debug */,
				1DA6BC1F29250E9500A19BD0 /* Release */,
			);
			defaultConfigurationIsVisible = 0;
			defaultConfigurationName = Release;
		};
		1DA6BC2029250E9500A19BD0 /* Build configuration list for PBXNativeTarget "MusicBar" */ = {
			isa = XCConfigurationList;
			buildConfigurations = (
				1DA6BC2129250E9500A19BD0 /* Debug */,
				1DA6BC2229250E9500A19BD0 /* Release */,
			);
			defaultConfigurationIsVisible = 0;
			defaultConfigurationName = Release;
		};
/* End XCConfigurationList section */

/* Begin XCRemoteSwiftPackageReference section */
		1D4B849529272B9000942874 /* XCRemoteSwiftPackageReference "LaunchAtLogin" */ = {
			isa = XCRemoteSwiftPackageReference;
			repositoryURL = "https://github.com/sindresorhus/LaunchAtLogin";
			requirement = {
				branch = main;
				kind = branch;
			};
		};
		1DD391642A2F8B7A00CF5486 /* XCRemoteSwiftPackageReference "MediaRemote" */ = {
			isa = XCRemoteSwiftPackageReference;
			repositoryURL = "https://github.com/PrivateFrameworks/MediaRemote";
			requirement = {
				kind = upToNextMajorVersion;
				minimumVersion = 0.1.0;
			};
		};
/* End XCRemoteSwiftPackageReference section */

/* Begin XCSwiftPackageProductDependency section */
		1D4B849629272B9000942874 /* LaunchAtLogin */ = {
			isa = XCSwiftPackageProductDependency;
			package = 1D4B849529272B9000942874 /* XCRemoteSwiftPackageReference "LaunchAtLogin" */;
			productName = LaunchAtLogin;
		};
		1DD391672A2F8B7A00CF5486 /* PrivateMediaRemote */ = {
			isa = XCSwiftPackageProductDependency;
			package = 1DD391642A2F8B7A00CF5486 /* XCRemoteSwiftPackageReference "MediaRemote" */;
			productName = PrivateMediaRemote;
		};
/* End XCSwiftPackageProductDependency section */
	};
	rootObject = 1DA6BC0929250E9300A19BD0 /* Project object */;
}
