{
  "pins" : [
    {
      "identity" : "launchatlogin",
      "kind" : "remoteSourceControl",
      "location" : "https://github.com/sindresorhus/LaunchAtLogin",
      "state" : {
        "branch" : "main",
        "revision" : "7ad6331f9c38953eb1ce8737758e18f7607e984a"
      }
    },
    {
      "identity" : "mediaremote",
      "kind" : "remoteSourceControl",
      "location" : "https://github.com/PrivateFrameworks/MediaRemote",
      "state" : {
        "revision" : "ee5ae0cc17c0f759049d50e6ea95e1cf718dfda5",
        "version" : "0.1.0"
      }
    },
    {
      "identity" : "protocolbuffer",
      "kind" : "remoteSourceControl",
      "location" : "https://github.com/PrivateFrameworks/ProtocolBuffer",
      "state" : {
        "revision" : "d4c569d9ce5e146e9185ebc056fdbaaf9784ec5d",
        "version" : "0.1.1"
      }
    }
  ],
  "version" : 2
}
